// !$*UTF8*$!
{
	archiveVersion = 1;
	classes = {
	};
	objectVersion = 46;
	objects = {

/* Begin PBXBuildFile section */
		A2A24FF81E33A05F00413D15 /* AppDelegate.swift in Sources */ = {isa = PBXBuildFile; fileRef = A2A24FF71E33A05F00413D15 /* AppDelegate.swift */; };
		A2A24FFA1E33A05F00413D15 /* ViewController.swift in Sources */ = {isa = PBXBuildFile; fileRef = A2A24FF91E33A05F00413D15 /* ViewController.swift */; };
		A2A24FFD1E33A05F00413D15 /* Main.storyboard in Resources */ = {isa = PBXBuildFile; fileRef = A2A24FFB1E33A05F00413D15 /* Main.storyboard */; };
		A2A24FFF1E33A05F00413D15 /* Assets.xcassets in Resources */ = {isa = PBXBuildFile; fileRef = A2A24FFE1E33A05F00413D15 /* Assets.xcassets */; };
		A2A250021E33A05F00413D15 /* LaunchScreen.storyboard in Resources */ = {isa = PBXBuildFile; fileRef = A2A250001E33A05F00413D15 /* LaunchScreen.storyboard */; };
		A2A2500A1E33A07700413D15 /* MyAudioFile.swift in Sources */ = {isa = PBXBuildFile; fileRef = A2A250091E33A07700413D15 /* MyAudioFile.swift */; };
/* End PBXBuildFile section */

/* Begin PBXFileReference section */
		A2A24FF41E33A05F00413D15 /* AudioFileCreateSample.app */ = {isa = PBXFileReference; explicitFileType = wrapper.application; includeInIndex = 0; path = AudioFileCreateSample.app; sourceTree = BUILT_PRODUCTS_DIR; };
		A2A24FF71E33A05F00413D15 /* AppDelegate.swift */ = {isa = PBXFileReference; lastKnownFileType = sourcecode.swift; path = AppDelegate.swift; sourceTree = "<group>"; };
		A2A24FF91E33A05F00413D15 /* ViewController.swift */ = {isa = PBXFileReference; lastKnownFileType = sourcecode.swift; path = ViewController.swift; sourceTree = "<group>"; };
		A2A24FFC1E33A05F00413D15 /* Base */ = {isa = PBXFileReference; lastKnownFileType = file.storyboard; name = Base; path = Base.lproj/Main.storyboard; sourceTree = "<group>"; };
		A2A24FFE1E33A05F00413D15 /* Assets.xcassets */ = {isa = PBXFileReference; lastKnownFileType = folder.assetcatalog; path = Assets.xcassets; sourceTree = "<group>"; };
		A2A250011E33A05F00413D15 /* Base */ = {isa = PBXFileReference; lastKnownFileType = file.storyboard; name = Base; path = Base.lproj/LaunchScreen.storyboard; sourceTree = "<group>"; };
		A2A250031E33A05F00413D15 /* Info.plist */ = {isa = PBXFileReference; lastKnownFileType = text.plist.xml; path = Info.plist; sourceTree = "<group>"; };
		A2A250091E33A07700413D15 /* MyAudioFile.swift */ = {isa = PBXFileReference; fileEncoding = 4; lastKnownFileType = sourcecode.swift; path = MyAudioFile.swift; sourceTree = "<group>"; };
/* End PBXFileReference section */

/* Begin PBXFrameworksBuildPhase section */
		A2A24FF11E33A05F00413D15 /* Frameworks */ = {
			isa = PBXFrameworksBuildPhase;
			buildActionMask = 2147483647;
			files = (
			);
			runOnlyForDeploymentPostprocessing = 0;
		};
/* End PBXFrameworksBuildPhase section */

/* Begin PBXGroup section */
		A2A24FEB1E33A05F00413D15 = {
			isa = PBXGroup;
			children = (
				A2A24FF61E33A05F00413D15 /* AudioFileCreateSample */,
				A2A24FF51E33A05F00413D15 /* Products */,
			);
			sourceTree = "<group>";
		};
		A2A24FF51E33A05F00413D15 /* Products */ = {
			isa = PBXGroup;
			children = (
				A2A24FF41E33A05F00413D15 /* AudioFileCreateSample.app */,
			);
			name = Products;
			sourceTree = "<group>";
		};
		A2A24FF61E33A05F00413D15 /* AudioFileCreateSample */ = {
			isa = PBXGroup;
			children = (
				A2A24FF71E33A05F00413D15 /* AppDelegate.swift */,
				A2A24FF91E33A05F00413D15 /* ViewController.swift */,
				A2A250091E33A07700413D15 /* MyAudioFile.swift */,
				A2A24FFB1E33A05F00413D15 /* Main.storyboard */,
				A2A24FFE1E33A05F00413D15 /* Assets.xcassets */,
				A2A250001E33A05F00413D15 /* LaunchScreen.storyboard */,
				A2A250031E33A05F00413D15 /* Info.plist */,
			);
			path = AudioFileCreateSample;
			sourceTree = "<group>";
		};
/* End PBXGroup section */

/* Begin PBXNativeTarget section */
		A2A24FF31E33A05F00413D15 /* AudioFileCreateSample */ = {
			isa = PBXNativeTarget;
			buildConfigurationList = A2A250061E33A05F00413D15 /* Build configuration list for PBXNativeTarget "AudioFileCreateSample" */;
			buildPhases = (
				A2A24FF01E33A05F00413D15 /* Sources */,
				A2A24FF11E33A05F00413D15 /* Frameworks */,
				A2A24FF21E33A05F00413D15 /* Resources */,
			);
			buildRules = (
			);
			dependencies = (
			);
			name = AudioFileCreateSample;
			productName = AudioFileCreateSample;
			productReference = A2A24FF41E33A05F00413D15 /* AudioFileCreateSample.app */;
			productType = "com.apple.product-type.application";
		};
/* End PBXNativeTarget section */

/* Begin PBXProject section */
		A2A24FEC1E33A05F00413D15 /* Project object */ = {
			isa = PBXProject;
			attributes = {
				LastSwiftUpdateCheck = 0820;
				LastUpgradeCheck = 0820;
				ORGANIZATIONNAME = pebble8888;
				TargetAttributes = {
					A2A24FF31E33A05F00413D15 = {
						CreatedOnToolsVersion = 8.2.1;
						DevelopmentTeam = WAXDS76BRK;
						ProvisioningStyle = Automatic;
					};
				};
			};
			buildConfigurationList = A2A24FEF1E33A05F00413D15 /* Build configuration list for PBXProject "AudioFileCreateSample" */;
			compatibilityVersion = "Xcode 3.2";
			developmentRegion = English;
			hasScannedForEncodings = 0;
			knownRegions = (
				en,
				Base,
			);
			mainGroup = A2A24FEB1E33A05F00413D15;
			productRefGroup = A2A24FF51E33A05F00413D15 /* Products */;
			projectDirPath = "";
			projectRoot = "";
			targets = (
				A2A24FF31E33A05F00413D15 /* AudioFileCreateSample */,
			);
		};
/* End PBXProject section */

/* Begin PBXResourcesBuildPhase section */
		A2A24FF21E33A05F00413D15 /* Resources */ = {
			isa = PBXResourcesBuildPhase;
			buildActionMask = 2147483647;
			files = (
				A2A250021E33A05F00413D15 /* LaunchScreen.storyboard in Resources */,
				A2A24FFF1E33A05F00413D15 /* Assets.xcassets in Resources */,
				A2A24FFD1E33A05F00413D15 /* Main.storyboard in Resources */,
			);
			runOnlyForDeploymentPostprocessing = 0;
		};
/* End PBXResourcesBuildPhase section */

/* Begin PBXSourcesBuildPhase section */
		A2A24FF01E33A05F00413D15 /* Sources */ = {
			isa = PBXSourcesBuildPhase;
			buildActionMask = 2147483647;
			files = (
				A2A2500A1E33A07700413D15 /* MyAudioFile.swift in Sources */,
				A2A24FFA1E33A05F00413D15 /* ViewController.swift in Sources */,
				A2A24FF81E33A05F00413D15 /* AppDelegate.swift in Sources */,
			);
			runOnlyForDeploymentPostprocessing = 0;
		};
/* End PBXSourcesBuildPhase section */

/* Begin PBXVariantGroup section */
		A2A24FFB1E33A05F00413D15 /* Main.storyboard */ = {
			isa = PBXVariantGroup;
			children = (
				A2A24FFC1E33A05F00413D15 /* Base */,
			);
			name = Main.storyboard;
			sourceTree = "<group>";
		};
		A2A250001E33A05F00413D15 /* LaunchScreen.storyboard */ = {
			isa = PBXVariantGroup;
			children = (
				A2A250011E33A05F00413D15 /* Base */,
			);
			name = LaunchScreen.storyboard;
			sourceTree = "<group>";
		};
/* End PBXVariantGroup section */

/* Begin XCBuildConfiguration section */
		A2A250041E33A05F00413D15 /* Debug */ = {
			isa = XCBuildConfiguration;
			buildSettings = {
				ALWAYS_SEARCH_USER_PATHS = NO;
				CLANG_ANALYZER_NONNULL = YES;
				CLANG_CXX_LANGUAGE_STANDARD = "gnu++0x";
				CLANG_CXX_LIBRARY = "libc++";
				CLANG_ENABLE_MODULES = YES;
				CLANG_ENABLE_OBJC_ARC = YES;
				CLANG_WARN_BOOL_CONVERSION = YES;
				CLANG_WARN_CONSTANT_CONVERSION = YES;
				CLANG_WARN_DIRECT_OBJC_ISA_USAGE = YES_ERROR;
				CLANG_WARN_DOCUMENTATION_COMMENTS = YES;
				CLANG_WARN_EMPTY_BODY = YES;
				CLANG_WARN_ENUM_CONVERSION = YES;
				CLANG_WARN_INFINITE_RECURSION = YES;
				CLANG_WARN_INT_CONVERSION = YES;
				CLANG_WARN_OBJC_ROOT_CLASS = YES_ERROR;
				CLANG_WARN_SUSPICIOUS_MOVE = YES;
				CLANG_WARN_UNREACHABLE_CODE = YES;
				CLANG_WARN__DUPLICATE_METHOD_MATCH = YES;
				"CODE_SIGN_IDENTITY[sdk=iphoneos*]" = "iPhone Developer";
				COPY_PHASE_STRIP = NO;
				DEBUG_INFORMATION_FORMAT = dwarf;
				ENABLE_STRICT_OBJC_MSGSEND = YES;
				ENABLE_TESTABILITY = YES;
				GCC_C_LANGUAGE_STANDARD = gnu99;
				GCC_DYNAMIC_NO_PIC = NO;
				GCC_NO_COMMON_BLOCKS = YES;
				GCC_OPTIMIZATION_LEVEL = 0;
				GCC_PREPROCESSOR_DEFINITIONS = (
					"DEBUG=1",
					"$(inherited)",
				);
				GCC_WARN_64_TO_32_BIT_CONVERSION = YES;
				GCC_WARN_ABOUT_RETURN_TYPE = YES_ERROR;
				GCC_WARN_UNDECLARED_SELECTOR = YES;
				GCC_WARN_UNINITIALIZED_AUTOS = YES_AGGRESSIVE;
				GCC_WARN_UNUSED_FUNCTION = YES;
				GCC_WARN_UNUSED_VARIABLE = YES;
				IPHONEOS_DEPLOYMENT_TARGET = 10.2;
				MTL_ENABLE_DEBUG_INFO = YES;
				ONLY_ACTIVE_ARCH = YES;
				SDKROOT = iphoneos;
				SWIFT_ACTIVE_COMPILATION_CONDITIONS = DEBUG;
				SWIFT_OPTIMIZATION_LEVEL = "-Onone";
			};
			name = Debug;
		};
		A2A250051E33A05F00413D15 /* Release */ = {
			isa = XCBuildConfiguration;
			buildSettings = {
				ALWAYS_SEARCH_USER_PATHS = NO;
				CLANG_ANALYZER_NONNULL = YES;
				CLANG_CXX_LANGUAGE_STANDARD = "gnu++0x";
				CLANG_CXX_LIBRARY = "libc++";
				CLANG_ENABLE_MODULES = YES;
				CLANG_ENABLE_OBJC_ARC = YES;
				CLANG_WARN_BOOL_CONVERSION = YES;
				CLANG_WARN_CONSTANT_CONVERSION = YES;
				CLANG_WARN_DIRECT_OBJC_ISA_USAGE = YES_ERROR;
				CLANG_WARN_DOCUMENTATION_COMMENTS = YES;
				CLANG_WARN_EMPTY_BODY = YES;
				CLANG_WARN_ENUM_CONVERSION = YES;
				CLANG_WARN_INFINITE_RECURSION = YES;
				CLANG_WARN_INT_CONVERSION = YES;
				CLANG_WARN_OBJC_ROOT_CLASS = YES_ERROR;
				CLANG_WARN_SUSPICIOUS_MOVE = YES;
				CLANG_WARN_UNREACHABLE_CODE = YES;
				CLANG_WARN__DUPLICATE_METHOD_MATCH = YES;
				"CODE_SIGN_IDENTITY[sdk=iphoneos*]" = "iPhone Developer";
				COPY_PHASE_STRIP = NO;
				DEBUG_INFORMATION_FORMAT = "dwarf-with-dsym";
				ENABLE_NS_ASSERTIONS = NO;
				ENABLE_STRICT_OBJC_MSGSEND = YES;
				GCC_C_LANGUAGE_STANDARD = gnu99;
				GCC_NO_COMMON_BLOCKS = YES;
				GCC_WARN_64_TO_32_BIT_CONVERSION = YES;
				GCC_WARN_ABOUT_RETURN_TYPE = YES_ERROR;
				GCC_WARN_UNDECLARED_SELECTOR = YES;
				GCC_WARN_UNINITIALIZED_AUTOS = YES_AGGRESSIVE;
				GCC_WARN_UNUSED_FUNCTION = YES;
				GCC_WARN_UNUSED_VARIABLE = YES;
				IPHONEOS_DEPLOYMENT_TARGET = 10.2;
				MTL_ENABLE_DEBUG_INFO = NO;
				SDKROOT = iphoneos;
				SWIFT_OPTIMIZATION_LEVEL = "-Owholemodule";
				VALIDATE_PRODUCT = YES;
			};
			name = Release;
		};
		A2A250071E33A05F00413D15 /* Debug */ = {
			isa = XCBuildConfiguration;
			buildSettings = {
				ASSETCATALOG_COMPILER_APPICON_NAME = AppIcon;
				DEVELOPMENT_TEAM = WAXDS76BRK;
				INFOPLIST_FILE = AudioFileCreateSample/Info.plist;
				LD_RUNPATH_SEARCH_PATHS = "$(inherited) @executable_path/Frameworks";
				PRODUCT_BUNDLE_IDENTIFIER = pebble8888.AudioFileCreateSample;
				PRODUCT_NAME = "$(TARGET_NAME)";
				SWIFT_VERSION = 3.0;
			};
			name = Debug;
		};
		A2A250081E33A05F00413D15 /* Release */ = {
			isa = XCBuildConfiguration;
			buildSettings = {
				ASSETCATALOG_COMPILER_APPICON_NAME = AppIcon;
				DEVELOPMENT_TEAM = WAXDS76BRK;
				INFOPLIST_FILE = AudioFileCreateSample/Info.plist;
				LD_RUNPATH_SEARCH_PATHS = "$(inherited) @executable_path/Frameworks";
				PRODUCT_BUNDLE_IDENTIFIER = pebble8888.AudioFileCreateSample;
				PRODUCT_NAME = "$(TARGET_NAME)";
				SWIFT_VERSION = 3.0;
			};
			name = Release;
		};
/* End XCBuildConfiguration section */

/* Begin XCConfigurationList section */
		A2A24FEF1E33A05F00413D15 /* Build configuration list for PBXProject "AudioFileCreateSample" */ = {
			isa = XCConfigurationList;
			buildConfigurations = (
				A2A250041E33A05F00413D15 /* Debug */,
				A2A250051E33A05F00413D15 /* Release */,
			);
			defaultConfigurationIsVisible = 0;
			defaultConfigurationName = Release;
		};
		A2A250061E33A05F00413D15 /* Build configuration list for PBXNativeTarget "AudioFileCreateSample" */ = {
			isa = XCConfigurationList;
			buildConfigurations = (
				A2A250071E33A05F00413D15 /* Debug */,
				A2A250081E33A05F00413D15 /* Release */,
			);
			defaultConfigurationIsVisible = 0;
		};
/* End XCConfigurationList section */
	};
	rootObject = A2A24FEC1E33A05F00413D15 /* Project object */;
}
